{
  "originHash" : "244f747e45e1e5c8c7594c17352e3a087a132df2519ac7743cfec1ccf6a57474",
  "pins" : [
    {
      "identity" : "artector",
      "kind" : "remoteSourceControl",
      "location" : "https://github.com/gh5-brainstorm/Artector",
      "state" : {
        "branch" : "feature/image-picker",
        "revision" : "d0acdc3be2a8da24aa7e4b7e85d6189f798d6b72"
      }
    }
  ],
  "version" : 3
}
