{
  "originHash" : "32e875823b8b1ec500dbb7230a1b66a32c263dc65a4fb2df8c22e78864c269e5",
  "pins" : [
    {
      "identity" : "artector",
      "kind" : "remoteSourceControl",
      "location" : "https://github.com/gh5-brainstorm/Artector",
      "state" : {
        "branch" : "main",
        "revision" : "44914fa6ccb69161f37338f47f8e66e370f63683"
      }
    },
    {
      "identity" : "sdwebimage",
      "kind" : "remoteSourceControl",
      "location" : "https://github.com/SDWebImage/SDWebImage.git",
      "state" : {
        "revision" : "be0bcd7823ce56629948491f2eaeaa19979514f7",
        "version" : "5.19.4"
      }
    }
  ],
  "version" : 3
}
